
Microsoft Visual Studio Solution File, Format Version 12.00
# Visual Studio Version 16
VisualStudioVersion = 16.0.32930.78
MinimumVisualStudioVersion = 10.0.40219.1
Project("{FAE04EC0-301F-11D3-BF4B-00C04F79EFBC}") = "MathDelegate", "..\MathDelegate\MathDelegate.csproj", "{14A88B5C-677F-434E-B13D-0E7877B070C6}"
EndProject
Global
	GlobalSection(SolutionConfigurationPlatforms) = preSolution
		Debug|Any CPU = Debug|Any CPU
		Release|Any CPU = Release|Any CPU
	EndGlobalSection
	GlobalSection(ProjectConfigurationPlatforms) = postSolution
		{14A88B5C-677F-434E-B13D-0E7877B070C6}.Debug|Any CPU.ActiveCfg = Debug|Any CPU
		{14A88B5C-677F-434E-B13D-0E7877B070C6}.Debug|Any CPU.Build.0 = Debug|Any CPU
		{14A88B5C-677F-434E-B13D-0E7877B070C6}.Release|Any CPU.ActiveCfg = Release|Any CPU
		{14A88B5C-677F-434E-B13D-0E7877B070C6}.Release|Any CPU.Build.0 = Release|Any CPU
	EndGlobalSection
	GlobalSection(SolutionProperties) = preSolution
		HideSolutionNode = FALSE
	EndGlobalSection
	GlobalSection(ExtensibilityGlobals) = postSolution
		SolutionGuid = {2877EFF7-5141-4C8B-8A70-98D0505A7C8D}
	EndGlobalSection
EndGlobal
