
Microsoft Visual Studio Solution File, Format Version 12.00
# Visual Studio Version 16
VisualStudioVersion = 16.0.32930.78
MinimumVisualStudioVersion = 10.0.40219.1
Project("{FAE04EC0-301F-11D3-BF4B-00C04F79EFBC}") = "DelegateExample1", "ConsoleApp1\DelegateExample1.csproj", "{E5DF6D13-3F5B-4421-823F-E59E2871712F}"
EndProject
Project("{FAE04EC0-301F-11D3-BF4B-00C04F79EFBC}") = "DelegateExample2", "..\DelegateExample2\DelegateExample2\DelegateExample2.csproj", "{B996AFA7-78BD-42E8-9B3B-AE949F121877}"
EndProject
Project("{FAE04EC0-301F-11D3-BF4B-00C04F79EFBC}") = "AnonymousMethods", "..\DelegateExample2\AnonymousMethods\AnonymousMethods.csproj", "{6E4DA357-94F3-42CA-A38B-A7F0F614C21C}"
EndProject
Global
	GlobalSection(SolutionConfigurationPlatforms) = preSolution
		Debug|Any CPU = Debug|Any CPU
		Release|Any CPU = Release|Any CPU
	EndGlobalSection
	GlobalSection(ProjectConfigurationPlatforms) = postSolution
		{E5DF6D13-3F5B-4421-823F-E59E2871712F}.Debug|Any CPU.ActiveCfg = Debug|Any CPU
		{E5DF6D13-3F5B-4421-823F-E59E2871712F}.Debug|Any CPU.Build.0 = Debug|Any CPU
		{E5DF6D13-3F5B-4421-823F-E59E2871712F}.Release|Any CPU.ActiveCfg = Release|Any CPU
		{E5DF6D13-3F5B-4421-823F-E59E2871712F}.Release|Any CPU.Build.0 = Release|Any CPU
		{B996AFA7-78BD-42E8-9B3B-AE949F121877}.Debug|Any CPU.ActiveCfg = Debug|Any CPU
		{B996AFA7-78BD-42E8-9B3B-AE949F121877}.Debug|Any CPU.Build.0 = Debug|Any CPU
		{B996AFA7-78BD-42E8-9B3B-AE949F121877}.Release|Any CPU.ActiveCfg = Release|Any CPU
		{B996AFA7-78BD-42E8-9B3B-AE949F121877}.Release|Any CPU.Build.0 = Release|Any CPU
		{6E4DA357-94F3-42CA-A38B-A7F0F614C21C}.Debug|Any CPU.ActiveCfg = Debug|Any CPU
		{6E4DA357-94F3-42CA-A38B-A7F0F614C21C}.Debug|Any CPU.Build.0 = Debug|Any CPU
		{6E4DA357-94F3-42CA-A38B-A7F0F614C21C}.Release|Any CPU.ActiveCfg = Release|Any CPU
		{6E4DA357-94F3-42CA-A38B-A7F0F614C21C}.Release|Any CPU.Build.0 = Release|Any CPU
	EndGlobalSection
	GlobalSection(SolutionProperties) = preSolution
		HideSolutionNode = FALSE
	EndGlobalSection
	GlobalSection(ExtensibilityGlobals) = postSolution
		SolutionGuid = {686DEEA4-708C-47DF-958F-C577392D6D9F}
	EndGlobalSection
EndGlobal
